
Microsoft Visual Studio Solution File, Format Version 12.00
# Visual Studio Version 17
VisualStudioVersion = 17.5.002.0
MinimumVisualStudioVersion = 10.0.40219.1
Project("{9A19103F-16F7-4668-BE54-9A1E7A4F7556}") = "FindOneNumber", "FindOneNumber.csproj", "{8707009A-EE9C-481F-8F5E-62E45F679C12}"
EndProject
Global
	GlobalSection(SolutionConfigurationPlatforms) = preSolution
		Debug|Any CPU = Debug|Any CPU
		Release|Any CPU = Release|Any CPU
	EndGlobalSection
	GlobalSection(ProjectConfigurationPlatforms) = postSolution
		{8707009A-EE9C-481F-8F5E-62E45F679C12}.Debug|Any CPU.ActiveCfg = Debug|Any CPU
		{8707009A-EE9C-481F-8F5E-62E45F679C12}.Debug|Any CPU.Build.0 = Debug|Any CPU
		{8707009A-EE9C-481F-8F5E-62E45F679C12}.Release|Any CPU.ActiveCfg = Release|Any CPU
		{8707009A-EE9C-481F-8F5E-62E45F679C12}.Release|Any CPU.Build.0 = Release|Any CPU
	EndGlobalSection
	GlobalSection(SolutionProperties) = preSolution
		HideSolutionNode = FALSE
	EndGlobalSection
	GlobalSection(ExtensibilityGlobals) = postSolution
		SolutionGuid = {018B6F6D-56D8-46F1-AA05-FBD63684CC8B}
	EndGlobalSection
EndGlobal
